
Microsoft Visual Studio Solution File, Format Version 12.00
# Visual Studio Version 17
VisualStudioVersion = 17.2.32505.173
MinimumVisualStudioVersion = 10.0.40219.1
Project("{9A19103F-16F7-4668-BE54-9A1E7A4F7556}") = "CapstoneProjectManagementSystem", "CapstoneProjectManagementSystem\CapstoneProjectManagementSystem.csproj", "{8C372E44-EEE8-4892-B478-A2893E381ED4}"
EndProject
Project("{FAE04EC0-301F-11D3-BF4B-00C04F79EFBC}") = "CapstoneProjectManagementSystemTests", "CapstoneProjectManagementSystemTests\CapstoneProjectManagementSystemTests.csproj", "{6A87AFB6-98B8-4D6C-BA95-8A79A76A6C71}"
EndProject
Global
	GlobalSection(SolutionConfigurationPlatforms) = preSolution
		Debug|Any CPU = Debug|Any CPU
		Release|Any CPU = Release|Any CPU
	EndGlobalSection
	GlobalSection(ProjectConfigurationPlatforms) = postSolution
		{8C372E44-EEE8-4892-B478-A2893E381ED4}.Debug|Any CPU.ActiveCfg = Debug|Any CPU
		{8C372E44-EEE8-4892-B478-A2893E381ED4}.Debug|Any CPU.Build.0 = Debug|Any CPU
		{8C372E44-EEE8-4892-B478-A2893E381ED4}.Release|Any CPU.ActiveCfg = Release|Any CPU
		{8C372E44-EEE8-4892-B478-A2893E381ED4}.Release|Any CPU.Build.0 = Release|Any CPU
		{6A87AFB6-98B8-4D6C-BA95-8A79A76A6C71}.Debug|Any CPU.ActiveCfg = Debug|Any CPU
		{6A87AFB6-98B8-4D6C-BA95-8A79A76A6C71}.Debug|Any CPU.Build.0 = Debug|Any CPU
		{6A87AFB6-98B8-4D6C-BA95-8A79A76A6C71}.Release|Any CPU.ActiveCfg = Release|Any CPU
		{6A87AFB6-98B8-4D6C-BA95-8A79A76A6C71}.Release|Any CPU.Build.0 = Release|Any CPU
	EndGlobalSection
	GlobalSection(SolutionProperties) = preSolution
		HideSolutionNode = FALSE
	EndGlobalSection
	GlobalSection(ExtensibilityGlobals) = postSolution
		SolutionGuid = {95AEBBBA-F305-4A20-B488-57D9D523AB89}
	EndGlobalSection
EndGlobal
